// !$*UTF8*$!
{
	archiveVersion = 1;
	classes = {
	};
	objectVersion = 46;
	objects = {

/* Begin PBXBuildFile section */
		442E2FD11E66025A00C6BA81 /* AppDelegate.swift in Sources */ = {isa = PBXBuildFile; fileRef = 442E2FD01E66025A00C6BA81 /* AppDelegate.swift */; };
		442E2FD31E66025A00C6BA81 /* ViewController.swift in Sources */ = {isa = PBXBuildFile; fileRef = 442E2FD21E66025A00C6BA81 /* ViewController.swift */; };
		442E2FD61E66025A00C6BA81 /* Main.storyboard in Resources */ = {isa = PBXBuildFile; fileRef = 442E2FD41E66025A00C6BA81 /* Main.storyboard */; };
		442E2FD81E66025A00C6BA81 /* Assets.xcassets in Resources */ = {isa = PBXBuildFile; fileRef = 442E2FD71E66025A00C6BA81 /* Assets.xcassets */; };
		442E2FDB1E66025A00C6BA81 /* LaunchScreen.storyboard in Resources */ = {isa = PBXBuildFile; fileRef = 442E2FD91E66025A00C6BA81 /* LaunchScreen.storyboard */; };
		44444ECA1E889593004F53F2 /* PhotoViewController.swift in Sources */ = {isa = PBXBuildFile; fileRef = 44444EC91E889593004F53F2 /* PhotoViewController.swift */; };
		44444ECC1E88A376004F53F2 /* CameraViewController.swift in Sources */ = {isa = PBXBuildFile; fileRef = 44444ECB1E88A376004F53F2 /* CameraViewController.swift */; };
		44444ECE1E8F5112004F53F2 /* DatosAnimalesViewController.swift in Sources */ = {isa = PBXBuildFile; fileRef = 44444ECD1E8F5112004F53F2 /* DatosAnimalesViewController.swift */; };
		44582E171E9B4C44000A1B94 /* Property-List.plist in Resources */ = {isa = PBXBuildFile; fileRef = 44582E161E9B4C44000A1B94 /* Property-List.plist */; };
		44582E191E9C34C9000A1B94 /* Reachability.swift in Sources */ = {isa = PBXBuildFile; fileRef = 44582E181E9C34C9000A1B94 /* Reachability.swift */; };
		4497A60A1E8F7352005C3394 /* CapturasViewController.swift in Sources */ = {isa = PBXBuildFile; fileRef = 4497A6091E8F7352005C3394 /* CapturasViewController.swift */; };
		4497A60C1E8F7E6C005C3394 /* AnimalNSObject.swift in Sources */ = {isa = PBXBuildFile; fileRef = 4497A60B1E8F7E6C005C3394 /* AnimalNSObject.swift */; };
		4497A60F1E8F83A1005C3394 /* CapturaTableViewCell.swift in Sources */ = {isa = PBXBuildFile; fileRef = 4497A60E1E8F83A1005C3394 /* CapturaTableViewCell.swift */; };
		4497A61B1E9065B1005C3394 /* AIRealObject.swift in Sources */ = {isa = PBXBuildFile; fileRef = 4497A61A1E9065B1005C3394 /* AIRealObject.swift */; };
		44A127461E8F5BA1005D5455 /* CapturasTableViewController.swift in Sources */ = {isa = PBXBuildFile; fileRef = 44A127451E8F5BA1005D5455 /* CapturasTableViewController.swift */; };
		44CCBCA01E99A139009CB3CF /* Realm.framework in Frameworks */ = {isa = PBXBuildFile; fileRef = 44CCBC9E1E99A139009CB3CF /* Realm.framework */; };
		44CCBCA11E99A139009CB3CF /* RealmSwift.framework in Frameworks */ = {isa = PBXBuildFile; fileRef = 44CCBC9F1E99A139009CB3CF /* RealmSwift.framework */; };
		44CCBCA21E99A144009CB3CF /* Realm.framework in Frameworks */ = {isa = PBXBuildFile; fileRef = 44CCBC9E1E99A139009CB3CF /* Realm.framework */; };
		44CCBCA31E99A144009CB3CF /* Realm.framework in Embed Frameworks */ = {isa = PBXBuildFile; fileRef = 44CCBC9E1E99A139009CB3CF /* Realm.framework */; settings = {ATTRIBUTES = (CodeSignOnCopy, RemoveHeadersOnCopy, ); }; };
		44CCBCA41E99A144009CB3CF /* RealmSwift.framework in Frameworks */ = {isa = PBXBuildFile; fileRef = 44CCBC9F1E99A139009CB3CF /* RealmSwift.framework */; };
		44CCBCA51E99A144009CB3CF /* RealmSwift.framework in Embed Frameworks */ = {isa = PBXBuildFile; fileRef = 44CCBC9F1E99A139009CB3CF /* RealmSwift.framework */; settings = {ATTRIBUTES = (CodeSignOnCopy, RemoveHeadersOnCopy, ); }; };
		CF71FB22A6CB5089447B69A1 /* Pods_NatureFinder.framework in Frameworks */ = {isa = PBXBuildFile; fileRef = 2365C8D461A22288C1F7E663 /* Pods_NatureFinder.framework */; };
/* End PBXBuildFile section */

/* Begin PBXCopyFilesBuildPhase section */
		4497A6181E9063EC005C3394 /* Embed Frameworks */ = {
			isa = PBXCopyFilesBuildPhase;
			buildActionMask = 2147483647;
			dstPath = "";
			dstSubfolderSpec = 10;
			files = (
				44CCBCA51E99A144009CB3CF /* RealmSwift.framework in Embed Frameworks */,
				44CCBCA31E99A144009CB3CF /* Realm.framework in Embed Frameworks */,
			);
			name = "Embed Frameworks";
			runOnlyForDeploymentPostprocessing = 0;
		};
/* End PBXCopyFilesBuildPhase section */

/* Begin PBXFileReference section */
		2365C8D461A22288C1F7E663 /* Pods_NatureFinder.framework */ = {isa = PBXFileReference; explicitFileType = wrapper.framework; includeInIndex = 0; path = Pods_NatureFinder.framework; sourceTree = BUILT_PRODUCTS_DIR; };
		442E2FCD1E66025A00C6BA81 /* NatureFinder.app */ = {isa = PBXFileReference; explicitFileType = wrapper.application; includeInIndex = 0; path = NatureFinder.app; sourceTree = BUILT_PRODUCTS_DIR; };
		442E2FD01E66025A00C6BA81 /* AppDelegate.swift */ = {isa = PBXFileReference; lastKnownFileType = sourcecode.swift; path = AppDelegate.swift; sourceTree = "<group>"; };
		442E2FD21E66025A00C6BA81 /* ViewController.swift */ = {isa = PBXFileReference; lastKnownFileType = sourcecode.swift; path = ViewController.swift; sourceTree = "<group>"; };
		442E2FD51E66025A00C6BA81 /* Base */ = {isa = PBXFileReference; lastKnownFileType = file.storyboard; name = Base; path = Base.lproj/Main.storyboard; sourceTree = "<group>"; };
		442E2FD71E66025A00C6BA81 /* Assets.xcassets */ = {isa = PBXFileReference; lastKnownFileType = folder.assetcatalog; path = Assets.xcassets; sourceTree = "<group>"; };
		442E2FDA1E66025A00C6BA81 /* Base */ = {isa = PBXFileReference; lastKnownFileType = file.storyboard; name = Base; path = Base.lproj/LaunchScreen.storyboard; sourceTree = "<group>"; };
		442E2FDC1E66025A00C6BA81 /* Info.plist */ = {isa = PBXFileReference; lastKnownFileType = text.plist.xml; path = Info.plist; sourceTree = "<group>"; };
		44444EC91E889593004F53F2 /* PhotoViewController.swift */ = {isa = PBXFileReference; fileEncoding = 4; lastKnownFileType = sourcecode.swift; path = PhotoViewController.swift; sourceTree = "<group>"; };
		44444ECB1E88A376004F53F2 /* CameraViewController.swift */ = {isa = PBXFileReference; fileEncoding = 4; lastKnownFileType = sourcecode.swift; path = CameraViewController.swift; sourceTree = "<group>"; };
		44444ECD1E8F5112004F53F2 /* DatosAnimalesViewController.swift */ = {isa = PBXFileReference; fileEncoding = 4; lastKnownFileType = sourcecode.swift; path = DatosAnimalesViewController.swift; sourceTree = "<group>"; };
		44582E161E9B4C44000A1B94 /* Property-List.plist */ = {isa = PBXFileReference; fileEncoding = 4; lastKnownFileType = text.plist.xml; path = "Property-List.plist"; sourceTree = "<group>"; };
		44582E181E9C34C9000A1B94 /* Reachability.swift */ = {isa = PBXFileReference; fileEncoding = 4; lastKnownFileType = sourcecode.swift; path = Reachability.swift; sourceTree = "<group>"; };
		4497A6091E8F7352005C3394 /* CapturasViewController.swift */ = {isa = PBXFileReference; fileEncoding = 4; lastKnownFileType = sourcecode.swift; path = CapturasViewController.swift; sourceTree = "<group>"; };
		4497A60B1E8F7E6C005C3394 /* AnimalNSObject.swift */ = {isa = PBXFileReference; fileEncoding = 4; lastKnownFileType = sourcecode.swift; path = AnimalNSObject.swift; sourceTree = "<group>"; };
		4497A60E1E8F83A1005C3394 /* CapturaTableViewCell.swift */ = {isa = PBXFileReference; fileEncoding = 4; lastKnownFileType = sourcecode.swift; path = CapturaTableViewCell.swift; sourceTree = "<group>"; };
		4497A61A1E9065B1005C3394 /* AIRealObject.swift */ = {isa = PBXFileReference; fileEncoding = 4; lastKnownFileType = sourcecode.swift; name = AIRealObject.swift; path = ../AIRealObject.swift; sourceTree = "<group>"; };
		44A127451E8F5BA1005D5455 /* CapturasTableViewController.swift */ = {isa = PBXFileReference; fileEncoding = 4; lastKnownFileType = sourcecode.swift; path = CapturasTableViewController.swift; sourceTree = "<group>"; };
		44CCBC9E1E99A139009CB3CF /* Realm.framework */ = {isa = PBXFileReference; lastKnownFileType = wrapper.framework; path = Realm.framework; sourceTree = "<group>"; };
		44CCBC9F1E99A139009CB3CF /* RealmSwift.framework */ = {isa = PBXFileReference; lastKnownFileType = wrapper.framework; path = RealmSwift.framework; sourceTree = "<group>"; };
		A7F8E89C5EF6FCC19D73D86B /* Pods-NatureFinder.debug.xcconfig */ = {isa = PBXFileReference; includeInIndex = 1; lastKnownFileType = text.xcconfig; name = "Pods-NatureFinder.debug.xcconfig"; path = "Pods/Target Support Files/Pods-NatureFinder/Pods-NatureFinder.debug.xcconfig"; sourceTree = "<group>"; };
		B81319297F9DA19CA12F0B98 /* Pods-NatureFinder.release.xcconfig */ = {isa = PBXFileReference; includeInIndex = 1; lastKnownFileType = text.xcconfig; name = "Pods-NatureFinder.release.xcconfig"; path = "Pods/Target Support Files/Pods-NatureFinder/Pods-NatureFinder.release.xcconfig"; sourceTree = "<group>"; };
/* End PBXFileReference section */

/* Begin PBXFrameworksBuildPhase section */
		442E2FCA1E66025A00C6BA81 /* Frameworks */ = {
			isa = PBXFrameworksBuildPhase;
			buildActionMask = 2147483647;
			files = (
				44CCBCA21E99A144009CB3CF /* Realm.framework in Frameworks */,
				44CCBCA11E99A139009CB3CF /* RealmSwift.framework in Frameworks */,
				44CCBCA41E99A144009CB3CF /* RealmSwift.framework in Frameworks */,
				44CCBCA01E99A139009CB3CF /* Realm.framework in Frameworks */,
				CF71FB22A6CB5089447B69A1 /* Pods_NatureFinder.framework in Frameworks */,
			);
			runOnlyForDeploymentPostprocessing = 0;
		};
/* End PBXFrameworksBuildPhase section */

/* Begin PBXGroup section */
		1240066BEF8D53868514F6FC /* Frameworks */ = {
			isa = PBXGroup;
			children = (
				2365C8D461A22288C1F7E663 /* Pods_NatureFinder.framework */,
			);
			name = Frameworks;
			sourceTree = "<group>";
		};
		3A34055E05D2F01ECB5240B6 /* Pods */ = {
			isa = PBXGroup;
			children = (
				A7F8E89C5EF6FCC19D73D86B /* Pods-NatureFinder.debug.xcconfig */,
				B81319297F9DA19CA12F0B98 /* Pods-NatureFinder.release.xcconfig */,
			);
			name = Pods;
			sourceTree = "<group>";
		};
		442E2FC41E66025A00C6BA81 = {
			isa = PBXGroup;
			children = (
				442E2FCF1E66025A00C6BA81 /* NatureFinder */,
				442E2FCE1E66025A00C6BA81 /* Products */,
				3A34055E05D2F01ECB5240B6 /* Pods */,
				1240066BEF8D53868514F6FC /* Frameworks */,
			);
			sourceTree = "<group>";
		};
		442E2FCE1E66025A00C6BA81 /* Products */ = {
			isa = PBXGroup;
			children = (
				442E2FCD1E66025A00C6BA81 /* NatureFinder.app */,
			);
			name = Products;
			sourceTree = "<group>";
		};
		442E2FCF1E66025A00C6BA81 /* NatureFinder */ = {
			isa = PBXGroup;
			children = (
				44CF99061E91925000FFF3F3 /* AQUI SE HACE TODO */,
				4497A60D1E8F7F0D005C3394 /* ViewControllers */,
				442E2FD01E66025A00C6BA81 /* AppDelegate.swift */,
				442E2FD21E66025A00C6BA81 /* ViewController.swift */,
				4497A60B1E8F7E6C005C3394 /* AnimalNSObject.swift */,
				44582E181E9C34C9000A1B94 /* Reachability.swift */,
				4497A61A1E9065B1005C3394 /* AIRealObject.swift */,
				44582E161E9B4C44000A1B94 /* Property-List.plist */,
				442E2FD41E66025A00C6BA81 /* Main.storyboard */,
				442E2FD71E66025A00C6BA81 /* Assets.xcassets */,
				442E2FD91E66025A00C6BA81 /* LaunchScreen.storyboard */,
				442E2FDC1E66025A00C6BA81 /* Info.plist */,
				44CCBC9E1E99A139009CB3CF /* Realm.framework */,
				44CCBC9F1E99A139009CB3CF /* RealmSwift.framework */,
			);
			path = NatureFinder;
			sourceTree = "<group>";
		};
		4497A60D1E8F7F0D005C3394 /* ViewControllers */ = {
			isa = PBXGroup;
			children = (
				44444EC91E889593004F53F2 /* PhotoViewController.swift */,
				44444ECB1E88A376004F53F2 /* CameraViewController.swift */,
				4497A6091E8F7352005C3394 /* CapturasViewController.swift */,
			);
			name = ViewControllers;
			sourceTree = "<group>";
		};
		44CF99061E91925000FFF3F3 /* AQUI SE HACE TODO */ = {
			isa = PBXGroup;
			children = (
				44444ECD1E8F5112004F53F2 /* DatosAnimalesViewController.swift */,
				4497A60E1E8F83A1005C3394 /* CapturaTableViewCell.swift */,
				44A127451E8F5BA1005D5455 /* CapturasTableViewController.swift */,
			);
			name = "AQUI SE HACE TODO";
			sourceTree = "<group>";
		};
/* End PBXGroup section */

/* Begin PBXNativeTarget section */
		442E2FCC1E66025A00C6BA81 /* NatureFinder */ = {
			isa = PBXNativeTarget;
			buildConfigurationList = 442E2FDF1E66025A00C6BA81 /* Build configuration list for PBXNativeTarget "NatureFinder" */;
			buildPhases = (
				C0B1D6D124980F804CEF22A6 /* [CP] Check Pods Manifest.lock */,
				442E2FC91E66025A00C6BA81 /* Sources */,
				442E2FCA1E66025A00C6BA81 /* Frameworks */,
				442E2FCB1E66025A00C6BA81 /* Resources */,
				4497A6181E9063EC005C3394 /* Embed Frameworks */,
				4497A6191E9064A9005C3394 /* ShellScript */,
				B2606BFCA173107F8F287D44 /* [CP] Embed Pods Frameworks */,
				D2ADDD625E93A1062490D72D /* [CP] Copy Pods Resources */,
			);
			buildRules = (
			);
			dependencies = (
			);
			name = NatureFinder;
			productName = NatureFinder;
			productReference = 442E2FCD1E66025A00C6BA81 /* NatureFinder.app */;
			productType = "com.apple.product-type.application";
		};
/* End PBXNativeTarget section */

/* Begin PBXProject section */
		442E2FC51E66025A00C6BA81 /* Project object */ = {
			isa = PBXProject;
			attributes = {
				LastSwiftUpdateCheck = 0820;
				LastUpgradeCheck = 0830;
				ORGANIZATIONNAME = "Donato Alfonso Tovar De la Herran";
				TargetAttributes = {
					442E2FCC1E66025A00C6BA81 = {
						CreatedOnToolsVersion = 8.2.1;
						DevelopmentTeam = Z838L998Z3;
						ProvisioningStyle = Automatic;
					};
				};
			};
			buildConfigurationList = 442E2FC81E66025A00C6BA81 /* Build configuration list for PBXProject "NatureFinder" */;
			compatibilityVersion = "Xcode 3.2";
			developmentRegion = English;
			hasScannedForEncodings = 0;
			knownRegions = (
				en,
				Base,
			);
			mainGroup = 442E2FC41E66025A00C6BA81;
			productRefGroup = 442E2FCE1E66025A00C6BA81 /* Products */;
			projectDirPath = "";
			projectRoot = "";
			targets = (
				442E2FCC1E66025A00C6BA81 /* NatureFinder */,
			);
		};
/* End PBXProject section */

/* Begin PBXResourcesBuildPhase section */
		442E2FCB1E66025A00C6BA81 /* Resources */ = {
			isa = PBXResourcesBuildPhase;
			buildActionMask = 2147483647;
			files = (
				442E2FDB1E66025A00C6BA81 /* LaunchScreen.storyboard in Resources */,
				442E2FD81E66025A00C6BA81 /* Assets.xcassets in Resources */,
				442E2FD61E66025A00C6BA81 /* Main.storyboard in Resources */,
				44582E171E9B4C44000A1B94 /* Property-List.plist in Resources */,
			);
			runOnlyForDeploymentPostprocessing = 0;
		};
/* End PBXResourcesBuildPhase section */

/* Begin PBXShellScriptBuildPhase section */
		4497A6191E9064A9005C3394 /* ShellScript */ = {
			isa = PBXShellScriptBuildPhase;
			buildActionMask = 2147483647;
			files = (
			);
			inputPaths = (
			);
			outputPaths = (
			);
			runOnlyForDeploymentPostprocessing = 0;
			shellPath = /bin/sh;
			shellScript = "bash \"${BUILT_PRODUCTS_DIR}/${FRAMEWORKS_FOLDER_PATH}/Realm.framework/strip-frameworks.sh\"\n";
		};
		B2606BFCA173107F8F287D44 /* [CP] Embed Pods Frameworks */ = {
			isa = PBXShellScriptBuildPhase;
			buildActionMask = 2147483647;
			files = (
			);
			inputPaths = (
			);
			name = "[CP] Embed Pods Frameworks";
			outputPaths = (
			);
			runOnlyForDeploymentPostprocessing = 0;
			shellPath = /bin/sh;
			shellScript = "\"${SRCROOT}/Pods/Target Support Files/Pods-NatureFinder/Pods-NatureFinder-frameworks.sh\"\n";
			showEnvVarsInLog = 0;
		};
		C0B1D6D124980F804CEF22A6 /* [CP] Check Pods Manifest.lock */ = {
			isa = PBXShellScriptBuildPhase;
			buildActionMask = 2147483647;
			files = (
			);
			inputPaths = (
			);
			name = "[CP] Check Pods Manifest.lock";
			outputPaths = (
			);
			runOnlyForDeploymentPostprocessing = 0;
			shellPath = /bin/sh;
			shellScript = "diff \"${PODS_ROOT}/../Podfile.lock\" \"${PODS_ROOT}/Manifest.lock\" > /dev/null\nif [ $? != 0 ] ; then\n    # print error to STDERR\n    echo \"error: The sandbox is not in sync with the Podfile.lock. Run 'pod install' or update your CocoaPods installation.\" >&2\n    exit 1\nfi\n";
			showEnvVarsInLog = 0;
		};
		D2ADDD625E93A1062490D72D /* [CP] Copy Pods Resources */ = {
			isa = PBXShellScriptBuildPhase;
			buildActionMask = 2147483647;
			files = (
			);
			inputPaths = (
			);
			name = "[CP] Copy Pods Resources";
			outputPaths = (
			);
			runOnlyForDeploymentPostprocessing = 0;
			shellPath = /bin/sh;
			shellScript = "\"${SRCROOT}/Pods/Target Support Files/Pods-NatureFinder/Pods-NatureFinder-resources.sh\"\n";
			showEnvVarsInLog = 0;
		};
/* End PBXShellScriptBuildPhase section */

/* Begin PBXSourcesBuildPhase section */
		442E2FC91E66025A00C6BA81 /* Sources */ = {
			isa = PBXSourcesBuildPhase;
			buildActionMask = 2147483647;
			files = (
				44444ECE1E8F5112004F53F2 /* DatosAnimalesViewController.swift in Sources */,
				4497A60A1E8F7352005C3394 /* CapturasViewController.swift in Sources */,
				4497A61B1E9065B1005C3394 /* AIRealObject.swift in Sources */,
				442E2FD31E66025A00C6BA81 /* ViewController.swift in Sources */,
				44A127461E8F5BA1005D5455 /* CapturasTableViewController.swift in Sources */,
				4497A60F1E8F83A1005C3394 /* CapturaTableViewCell.swift in Sources */,
				442E2FD11E66025A00C6BA81 /* AppDelegate.swift in Sources */,
				44582E191E9C34C9000A1B94 /* Reachability.swift in Sources */,
				44444ECC1E88A376004F53F2 /* CameraViewController.swift in Sources */,
				4497A60C1E8F7E6C005C3394 /* AnimalNSObject.swift in Sources */,
				44444ECA1E889593004F53F2 /* PhotoViewController.swift in Sources */,
			);
			runOnlyForDeploymentPostprocessing = 0;
		};
/* End PBXSourcesBuildPhase section */

/* Begin PBXVariantGroup section */
		442E2FD41E66025A00C6BA81 /* Main.storyboard */ = {
			isa = PBXVariantGroup;
			children = (
				442E2FD51E66025A00C6BA81 /* Base */,
			);
			name = Main.storyboard;
			sourceTree = "<group>";
		};
		442E2FD91E66025A00C6BA81 /* LaunchScreen.storyboard */ = {
			isa = PBXVariantGroup;
			children = (
				442E2FDA1E66025A00C6BA81 /* Base */,
			);
			name = LaunchScreen.storyboard;
			sourceTree = "<group>";
		};
/* End PBXVariantGroup section */

/* Begin XCBuildConfiguration section */
		442E2FDD1E66025A00C6BA81 /* Debug */ = {
			isa = XCBuildConfiguration;
			buildSettings = {
				ALWAYS_SEARCH_USER_PATHS = NO;
				CLANG_ANALYZER_NONNULL = YES;
				CLANG_CXX_LANGUAGE_STANDARD = "gnu++0x";
				CLANG_CXX_LIBRARY = "libc++";
				CLANG_ENABLE_MODULES = YES;
				CLANG_ENABLE_OBJC_ARC = YES;
				CLANG_WARN_BOOL_CONVERSION = YES;
				CLANG_WARN_CONSTANT_CONVERSION = YES;
				CLANG_WARN_DIRECT_OBJC_ISA_USAGE = YES_ERROR;
				CLANG_WARN_DOCUMENTATION_COMMENTS = YES;
				CLANG_WARN_EMPTY_BODY = YES;
				CLANG_WARN_ENUM_CONVERSION = YES;
				CLANG_WARN_INFINITE_RECURSION = YES;
				CLANG_WARN_INT_CONVERSION = YES;
				CLANG_WARN_OBJC_ROOT_CLASS = YES_ERROR;
				CLANG_WARN_SUSPICIOUS_MOVE = YES;
				CLANG_WARN_UNREACHABLE_CODE = YES;
				CLANG_WARN__DUPLICATE_METHOD_MATCH = YES;
				"CODE_SIGN_IDENTITY[sdk=iphoneos*]" = "iPhone Developer";
				COPY_PHASE_STRIP = NO;
				DEBUG_INFORMATION_FORMAT = dwarf;
				ENABLE_STRICT_OBJC_MSGSEND = YES;
				ENABLE_TESTABILITY = YES;
				GCC_C_LANGUAGE_STANDARD = gnu99;
				GCC_DYNAMIC_NO_PIC = NO;
				GCC_NO_COMMON_BLOCKS = YES;
				GCC_OPTIMIZATION_LEVEL = 0;
				GCC_PREPROCESSOR_DEFINITIONS = (
					"DEBUG=1",
					"$(inherited)",
				);
				GCC_WARN_64_TO_32_BIT_CONVERSION = YES;
				GCC_WARN_ABOUT_RETURN_TYPE = YES_ERROR;
				GCC_WARN_UNDECLARED_SELECTOR = YES;
				GCC_WARN_UNINITIALIZED_AUTOS = YES_AGGRESSIVE;
				GCC_WARN_UNUSED_FUNCTION = YES;
				GCC_WARN_UNUSED_VARIABLE = YES;
				IPHONEOS_DEPLOYMENT_TARGET = 10.2;
				MTL_ENABLE_DEBUG_INFO = YES;
				ONLY_ACTIVE_ARCH = YES;
				SDKROOT = iphoneos;
				SWIFT_ACTIVE_COMPILATION_CONDITIONS = DEBUG;
				SWIFT_OPTIMIZATION_LEVEL = "-Onone";
				SWIFT_VERSION = "";
			};
			name = Debug;
		};
		442E2FDE1E66025A00C6BA81 /* Release */ = {
			isa = XCBuildConfiguration;
			buildSettings = {
				ALWAYS_SEARCH_USER_PATHS = NO;
				CLANG_ANALYZER_NONNULL = YES;
				CLANG_CXX_LANGUAGE_STANDARD = "gnu++0x";
				CLANG_CXX_LIBRARY = "libc++";
				CLANG_ENABLE_MODULES = YES;
				CLANG_ENABLE_OBJC_ARC = YES;
				CLANG_WARN_BOOL_CONVERSION = YES;
				CLANG_WARN_CONSTANT_CONVERSION = YES;
				CLANG_WARN_DIRECT_OBJC_ISA_USAGE = YES_ERROR;
				CLANG_WARN_DOCUMENTATION_COMMENTS = YES;
				CLANG_WARN_EMPTY_BODY = YES;
				CLANG_WARN_ENUM_CONVERSION = YES;
				CLANG_WARN_INFINITE_RECURSION = YES;
				CLANG_WARN_INT_CONVERSION = YES;
				CLANG_WARN_OBJC_ROOT_CLASS = YES_ERROR;
				CLANG_WARN_SUSPICIOUS_MOVE = YES;
				CLANG_WARN_UNREACHABLE_CODE = YES;
				CLANG_WARN__DUPLICATE_METHOD_MATCH = YES;
				"CODE_SIGN_IDENTITY[sdk=iphoneos*]" = "iPhone Developer";
				COPY_PHASE_STRIP = NO;
				DEBUG_INFORMATION_FORMAT = "dwarf-with-dsym";
				ENABLE_NS_ASSERTIONS = NO;
				ENABLE_STRICT_OBJC_MSGSEND = YES;
				GCC_C_LANGUAGE_STANDARD = gnu99;
				GCC_NO_COMMON_BLOCKS = YES;
				GCC_WARN_64_TO_32_BIT_CONVERSION = YES;
				GCC_WARN_ABOUT_RETURN_TYPE = YES_ERROR;
				GCC_WARN_UNDECLARED_SELECTOR = YES;
				GCC_WARN_UNINITIALIZED_AUTOS = YES_AGGRESSIVE;
				GCC_WARN_UNUSED_FUNCTION = YES;
				GCC_WARN_UNUSED_VARIABLE = YES;
				IPHONEOS_DEPLOYMENT_TARGET = 10.2;
				MTL_ENABLE_DEBUG_INFO = NO;
				SDKROOT = iphoneos;
				SWIFT_OPTIMIZATION_LEVEL = "-Owholemodule";
				SWIFT_VERSION = "";
				VALIDATE_PRODUCT = YES;
			};
			name = Release;
		};
		442E2FE01E66025A00C6BA81 /* Debug */ = {
			isa = XCBuildConfiguration;
			baseConfigurationReference = A7F8E89C5EF6FCC19D73D86B /* Pods-NatureFinder.debug.xcconfig */;
			buildSettings = {
				ASSETCATALOG_COMPILER_APPICON_NAME = AppIcon;
				DEVELOPMENT_TEAM = Z838L998Z3;
				FRAMEWORK_SEARCH_PATHS = (
					"$(inherited)",
					"$(PROJECT_DIR)/NatureFinder",
					"$(PROJECT_DIR)",
				);
				INFOPLIST_FILE = NatureFinder/Info.plist;
				LD_RUNPATH_SEARCH_PATHS = "$(inherited) @executable_path/Frameworks";
				PRODUCT_BUNDLE_IDENTIFIER = "Donato-Tovar.NatureFinder";
				PRODUCT_NAME = "$(TARGET_NAME)";
				SWIFT_VERSION = 3.0;
			};
			name = Debug;
		};
		442E2FE11E66025A00C6BA81 /* Release */ = {
			isa = XCBuildConfiguration;
			baseConfigurationReference = B81319297F9DA19CA12F0B98 /* Pods-NatureFinder.release.xcconfig */;
			buildSettings = {
				ASSETCATALOG_COMPILER_APPICON_NAME = AppIcon;
				DEVELOPMENT_TEAM = Z838L998Z3;
				FRAMEWORK_SEARCH_PATHS = (
					"$(inherited)",
					"$(PROJECT_DIR)/NatureFinder",
					"$(PROJECT_DIR)",
				);
				INFOPLIST_FILE = NatureFinder/Info.plist;
				LD_RUNPATH_SEARCH_PATHS = "$(inherited) @executable_path/Frameworks";
				PRODUCT_BUNDLE_IDENTIFIER = "Donato-Tovar.NatureFinder";
				PRODUCT_NAME = "$(TARGET_NAME)";
				SWIFT_VERSION = 3.0;
			};
			name = Release;
		};
/* End XCBuildConfiguration section */

/* Begin XCConfigurationList section */
		442E2FC81E66025A00C6BA81 /* Build configuration list for PBXProject "NatureFinder" */ = {
			isa = XCConfigurationList;
			buildConfigurations = (
				442E2FDD1E66025A00C6BA81 /* Debug */,
				442E2FDE1E66025A00C6BA81 /* Release */,
			);
			defaultConfigurationIsVisible = 0;
			defaultConfigurationName = Release;
		};
		442E2FDF1E66025A00C6BA81 /* Build configuration list for PBXNativeTarget "NatureFinder" */ = {
			isa = XCConfigurationList;
			buildConfigurations = (
				442E2FE01E66025A00C6BA81 /* Debug */,
				442E2FE11E66025A00C6BA81 /* Release */,
			);
			defaultConfigurationIsVisible = 0;
			defaultConfigurationName = Release;
		};
/* End XCConfigurationList section */
	};
	rootObject = 442E2FC51E66025A00C6BA81 /* Project object */;
}
